// !$*UTF8*$!
{
	archiveVersion = 1;
	classes = {
	};
	objectVersion = 46;
	objects = {

/* Begin PBXBuildFile section */
		F28EF02F1E1E76440028017F /* AppDelegate.swift in Sources */ = {isa = PBXBuildFile; fileRef = F28EF02E1E1E76440028017F /* AppDelegate.swift */; };
		F28EF0311E1E76440028017F /* ViewController.swift in Sources */ = {isa = PBXBuildFile; fileRef = F28EF0301E1E76440028017F /* ViewController.swift */; };
		F28EF0341E1E76440028017F /* Main.storyboard in Resources */ = {isa = PBXBuildFile; fileRef = F28EF0321E1E76440028017F /* Main.storyboard */; };
		F28EF0361E1E76440028017F /* Assets.xcassets in Resources */ = {isa = PBXBuildFile; fileRef = F28EF0351E1E76440028017F /* Assets.xcassets */; };
		F28EF0391E1E76440028017F /* LaunchScreen.storyboard in Resources */ = {isa = PBXBuildFile; fileRef = F28EF0371E1E76440028017F /* LaunchScreen.storyboard */; };
/* End PBXBuildFile section */

/* Begin PBXFileReference section */
		F28EF02B1E1E76440028017F /* TestWebserviceSwift.app */ = {isa = PBXFileReference; explicitFileType = wrapper.application; includeInIndex = 0; path = TestWebserviceSwift.app; sourceTree = BUILT_PRODUCTS_DIR; };
		F28EF02E1E1E76440028017F /* AppDelegate.swift */ = {isa = PBXFileReference; lastKnownFileType = sourcecode.swift; path = AppDelegate.swift; sourceTree = "<group>"; };
		F28EF0301E1E76440028017F /* ViewController.swift */ = {isa = PBXFileReference; lastKnownFileType = sourcecode.swift; path = ViewController.swift; sourceTree = "<group>"; };
		F28EF0331E1E76440028017F /* Base */ = {isa = PBXFileReference; lastKnownFileType = file.storyboard; name = Base; path = Base.lproj/Main.storyboard; sourceTree = "<group>"; };
		F28EF0351E1E76440028017F /* Assets.xcassets */ = {isa = PBXFileReference; lastKnownFileType = folder.assetcatalog; path = Assets.xcassets; sourceTree = "<group>"; };
		F28EF0381E1E76440028017F /* Base */ = {isa = PBXFileReference; lastKnownFileType = file.storyboard; name = Base; path = Base.lproj/LaunchScreen.storyboard; sourceTree = "<group>"; };
		F28EF03A1E1E76440028017F /* Info.plist */ = {isa = PBXFileReference; lastKnownFileType = text.plist.xml; path = Info.plist; sourceTree = "<group>"; };
/* End PBXFileReference section */

/* Begin PBXFrameworksBuildPhase section */
		F28EF0281E1E76440028017F /* Frameworks */ = {
			isa = PBXFrameworksBuildPhase;
			buildActionMask = 2147483647;
			files = (
			);
			runOnlyForDeploymentPostprocessing = 0;
		};
/* End PBXFrameworksBuildPhase section */

/* Begin PBXGroup section */
		F28EF0221E1E76440028017F = {
			isa = PBXGroup;
			children = (
				F28EF02D1E1E76440028017F /* TestWebserviceSwift */,
				F28EF02C1E1E76440028017F /* Products */,
			);
			sourceTree = "<group>";
		};
		F28EF02C1E1E76440028017F /* Products */ = {
			isa = PBXGroup;
			children = (
				F28EF02B1E1E76440028017F /* TestWebserviceSwift.app */,
			);
			name = Products;
			sourceTree = "<group>";
		};
		F28EF02D1E1E76440028017F /* TestWebserviceSwift */ = {
			isa = PBXGroup;
			children = (
				F28EF02E1E1E76440028017F /* AppDelegate.swift */,
				F28EF0301E1E76440028017F /* ViewController.swift */,
				F28EF0321E1E76440028017F /* Main.storyboard */,
				F28EF0351E1E76440028017F /* Assets.xcassets */,
				F28EF0371E1E76440028017F /* LaunchScreen.storyboard */,
				F28EF03A1E1E76440028017F /* Info.plist */,
			);
			path = TestWebserviceSwift;
			sourceTree = "<group>";
		};
/* End PBXGroup section */

/* Begin PBXNativeTarget section */
		F28EF02A1E1E76440028017F /* TestWebserviceSwift */ = {
			isa = PBXNativeTarget;
			buildConfigurationList = F28EF03D1E1E76440028017F /* Build configuration list for PBXNativeTarget "TestWebserviceSwift" */;
			buildPhases = (
				F28EF0271E1E76440028017F /* Sources */,
				F28EF0281E1E76440028017F /* Frameworks */,
				F28EF0291E1E76440028017F /* Resources */,
			);
			buildRules = (
			);
			dependencies = (
			);
			name = TestWebserviceSwift;
			productName = TestWebserviceSwift;
			productReference = F28EF02B1E1E76440028017F /* TestWebserviceSwift.app */;
			productType = "com.apple.product-type.application";
		};
/* End PBXNativeTarget section */

/* Begin PBXProject section */
		F28EF0231E1E76440028017F /* Project object */ = {
			isa = PBXProject;
			attributes = {
				LastSwiftUpdateCheck = 0810;
				LastUpgradeCheck = 0810;
				ORGANIZATIONNAME = "Toseef Khilji";
				TargetAttributes = {
					F28EF02A1E1E76440028017F = {
						CreatedOnToolsVersion = 8.1;
						ProvisioningStyle = Automatic;
					};
				};
			};
			buildConfigurationList = F28EF0261E1E76440028017F /* Build configuration list for PBXProject "TestWebserviceSwift" */;
			compatibilityVersion = "Xcode 3.2";
			developmentRegion = English;
			hasScannedForEncodings = 0;
			knownRegions = (
				en,
				Base,
			);
			mainGroup = F28EF0221E1E76440028017F;
			productRefGroup = F28EF02C1E1E76440028017F /* Products */;
			projectDirPath = "";
			projectRoot = "";
			targets = (
				F28EF02A1E1E76440028017F /* TestWebserviceSwift */,
			);
		};
/* End PBXProject section */

/* Begin PBXResourcesBuildPhase section */
		F28EF0291E1E76440028017F /* Resources */ = {
			isa = PBXResourcesBuildPhase;
			buildActionMask = 2147483647;
			files = (
				F28EF0391E1E76440028017F /* LaunchScreen.storyboard in Resources */,
				F28EF0361E1E76440028017F /* Assets.xcassets in Resources */,
				F28EF0341E1E76440028017F /* Main.storyboard in Resources */,
			);
			runOnlyForDeploymentPostprocessing = 0;
		};
/* End PBXResourcesBuildPhase section */

/* Begin PBXSourcesBuildPhase section */
		F28EF0271E1E76440028017F /* Sources */ = {
			isa = PBXSourcesBuildPhase;
			buildActionMask = 2147483647;
			files = (
				F28EF0311E1E76440028017F /* ViewController.swift in Sources */,
				F28EF02F1E1E76440028017F /* AppDelegate.swift in Sources */,
			);
			runOnlyForDeploymentPostprocessing = 0;
		};
/* End PBXSourcesBuildPhase section */

/* Begin PBXVariantGroup section */
		F28EF0321E1E76440028017F /* Main.storyboard */ = {
			isa = PBXVariantGroup;
			children = (
				F28EF0331E1E76440028017F /* Base */,
			);
			name = Main.storyboard;
			sourceTree = "<group>";
		};
		F28EF0371E1E76440028017F /* LaunchScreen.storyboard */ = {
			isa = PBXVariantGroup;
			children = (
				F28EF0381E1E76440028017F /* Base */,
			);
			name = LaunchScreen.storyboard;
			sourceTree = "<group>";
		};
/* End PBXVariantGroup section */

/* Begin XCBuildConfiguration section */
		F28EF03B1E1E76440028017F /* Debug */ = {
			isa = XCBuildConfiguration;
			buildSettings = {
				ALWAYS_SEARCH_USER_PATHS = NO;
				CLANG_ANALYZER_NONNULL = YES;
				CLANG_CXX_LANGUAGE_STANDARD = "gnu++0x";
				CLANG_CXX_LIBRARY = "libc++";
				CLANG_ENABLE_MODULES = YES;
				CLANG_ENABLE_OBJC_ARC = YES;
				CLANG_WARN_BOOL_CONVERSION = YES;
				CLANG_WARN_CONSTANT_CONVERSION = YES;
				CLANG_WARN_DIRECT_OBJC_ISA_USAGE = YES_ERROR;
				CLANG_WARN_DOCUMENTATION_COMMENTS = YES;
				CLANG_WARN_EMPTY_BODY = YES;
				CLANG_WARN_ENUM_CONVERSION = YES;
				CLANG_WARN_INFINITE_RECURSION = YES;
				CLANG_WARN_INT_CONVERSION = YES;
				CLANG_WARN_OBJC_ROOT_CLASS = YES_ERROR;
				CLANG_WARN_SUSPICIOUS_MOVES = YES;
				CLANG_WARN_UNREACHABLE_CODE = YES;
				CLANG_WARN__DUPLICATE_METHOD_MATCH = YES;
				"CODE_SIGN_IDENTITY[sdk=iphoneos*]" = "iPhone Developer";
				COPY_PHASE_STRIP = NO;
				DEBUG_INFORMATION_FORMAT = dwarf;
				ENABLE_STRICT_OBJC_MSGSEND = YES;
				ENABLE_TESTABILITY = YES;
				GCC_C_LANGUAGE_STANDARD = gnu99;
				GCC_DYNAMIC_NO_PIC = NO;
				GCC_NO_COMMON_BLOCKS = YES;
				GCC_OPTIMIZATION_LEVEL = 0;
				GCC_PREPROCESSOR_DEFINITIONS = (
					"DEBUG=1",
					"$(inherited)",
				);
				GCC_WARN_64_TO_32_BIT_CONVERSION = YES;
				GCC_WARN_ABOUT_RETURN_TYPE = YES_ERROR;
				GCC_WARN_UNDECLARED_SELECTOR = YES;
				GCC_WARN_UNINITIALIZED_AUTOS = YES_AGGRESSIVE;
				GCC_WARN_UNUSED_FUNCTION = YES;
				GCC_WARN_UNUSED_VARIABLE = YES;
				IPHONEOS_DEPLOYMENT_TARGET = 10.1;
				MTL_ENABLE_DEBUG_INFO = YES;
				ONLY_ACTIVE_ARCH = YES;
				SDKROOT = iphoneos;
				SWIFT_ACTIVE_COMPILATION_CONDITIONS = DEBUG;
				SWIFT_OPTIMIZATION_LEVEL = "-Onone";
			};
			name = Debug;
		};
		F28EF03C1E1E76440028017F /* Release */ = {
			isa = XCBuildConfiguration;
			buildSettings = {
				ALWAYS_SEARCH_USER_PATHS = NO;
				CLANG_ANALYZER_NONNULL = YES;
				CLANG_CXX_LANGUAGE_STANDARD = "gnu++0x";
				CLANG_CXX_LIBRARY = "libc++";
				CLANG_ENABLE_MODULES = YES;
				CLANG_ENABLE_OBJC_ARC = YES;
				CLANG_WARN_BOOL_CONVERSION = YES;
				CLANG_WARN_CONSTANT_CONVERSION = YES;
				CLANG_WARN_DIRECT_OBJC_ISA_USAGE = YES_ERROR;
				CLANG_WARN_DOCUMENTATION_COMMENTS = YES;
				CLANG_WARN_EMPTY_BODY = YES;
				CLANG_WARN_ENUM_CONVERSION = YES;
				CLANG_WARN_INFINITE_RECURSION = YES;
				CLANG_WARN_INT_CONVERSION = YES;
				CLANG_WARN_OBJC_ROOT_CLASS = YES_ERROR;
				CLANG_WARN_SUSPICIOUS_MOVES = YES;
				CLANG_WARN_UNREACHABLE_CODE = YES;
				CLANG_WARN__DUPLICATE_METHOD_MATCH = YES;
				"CODE_SIGN_IDENTITY[sdk=iphoneos*]" = "iPhone Developer";
				COPY_PHASE_STRIP = NO;
				DEBUG_INFORMATION_FORMAT = "dwarf-with-dsym";
				ENABLE_NS_ASSERTIONS = NO;
				ENABLE_STRICT_OBJC_MSGSEND = YES;
				GCC_C_LANGUAGE_STANDARD = gnu99;
				GCC_NO_COMMON_BLOCKS = YES;
				GCC_WARN_64_TO_32_BIT_CONVERSION = YES;
				GCC_WARN_ABOUT_RETURN_TYPE = YES_ERROR;
				GCC_WARN_UNDECLARED_SELECTOR = YES;
				GCC_WARN_UNINITIALIZED_AUTOS = YES_AGGRESSIVE;
				GCC_WARN_UNUSED_FUNCTION = YES;
				GCC_WARN_UNUSED_VARIABLE = YES;
				IPHONEOS_DEPLOYMENT_TARGET = 10.1;
				MTL_ENABLE_DEBUG_INFO = NO;
				SDKROOT = iphoneos;
				SWIFT_OPTIMIZATION_LEVEL = "-Owholemodule";
				VALIDATE_PRODUCT = YES;
			};
			name = Release;
		};
		F28EF03E1E1E76440028017F /* Debug */ = {
			isa = XCBuildConfiguration;
			buildSettings = {
				ASSETCATALOG_COMPILER_APPICON_NAME = AppIcon;
				INFOPLIST_FILE = TestWebserviceSwift/Info.plist;
				LD_RUNPATH_SEARCH_PATHS = "$(inherited) @executable_path/Frameworks";
				PRODUCT_BUNDLE_IDENTIFIER = com.Tosa.TestWebserviceSwift;
				PRODUCT_NAME = "$(TARGET_NAME)";
				SWIFT_VERSION = 3.0;
			};
			name = Debug;
		};
		F28EF03F1E1E76440028017F /* Release */ = {
			isa = XCBuildConfiguration;
			buildSettings = {
				ASSETCATALOG_COMPILER_APPICON_NAME = AppIcon;
				INFOPLIST_FILE = TestWebserviceSwift/Info.plist;
				LD_RUNPATH_SEARCH_PATHS = "$(inherited) @executable_path/Frameworks";
				PRODUCT_BUNDLE_IDENTIFIER = com.Tosa.TestWebserviceSwift;
				PRODUCT_NAME = "$(TARGET_NAME)";
				SWIFT_VERSION = 3.0;
			};
			name = Release;
		};
/* End XCBuildConfiguration section */

/* Begin XCConfigurationList section */
		F28EF0261E1E76440028017F /* Build configuration list for PBXProject "TestWebserviceSwift" */ = {
			isa = XCConfigurationList;
			buildConfigurations = (
				F28EF03B1E1E76440028017F /* Debug */,
				F28EF03C1E1E76440028017F /* Release */,
			);
			defaultConfigurationIsVisible = 0;
			defaultConfigurationName = Release;
		};
		F28EF03D1E1E76440028017F /* Build configuration list for PBXNativeTarget "TestWebserviceSwift" */ = {
			isa = XCConfigurationList;
			buildConfigurations = (
				F28EF03E1E1E76440028017F /* Debug */,
				F28EF03F1E1E76440028017F /* Release */,
			);
			defaultConfigurationIsVisible = 0;
		};
/* End XCConfigurationList section */
	};
	rootObject = F28EF0231E1E76440028017F /* Project object */;
}
